
Microsoft Visual Studio Solution File, Format Version 12.00
# Visual Studio Version 17
VisualStudioVersion = 17.14.36109.1 d17.14
MinimumVisualStudioVersion = 10.0.40219.1
Project("{FAE04EC0-301F-11D3-BF4B-00C04F79EFBC}") = "MyProject.MVC", "MyProject.MVC\MyProject.MVC.csproj", "{57C231B3-04E8-6FDB-2FD8-CD5E0DD81CC4}"
EndProject
Global
	GlobalSection(SolutionConfigurationPlatforms) = preSolution
		Debug|Any CPU = Debug|Any CPU
		Release|Any CPU = Release|Any CPU
	EndGlobalSection
	GlobalSection(ProjectConfigurationPlatforms) = postSolution
		{57C231B3-04E8-6FDB-2FD8-CD5E0DD81CC4}.Debug|Any CPU.ActiveCfg = Debug|Any CPU
		{57C231B3-04E8-6FDB-2FD8-CD5E0DD81CC4}.Debug|Any CPU.Build.0 = Debug|Any CPU
		{57C231B3-04E8-6FDB-2FD8-CD5E0DD81CC4}.Release|Any CPU.ActiveCfg = Release|Any CPU
		{57C231B3-04E8-6FDB-2FD8-CD5E0DD81CC4}.Release|Any CPU.Build.0 = Release|Any CPU
	EndGlobalSection
	GlobalSection(SolutionProperties) = preSolution
		HideSolutionNode = FALSE
	EndGlobalSection
	GlobalSection(ExtensibilityGlobals) = postSolution
		SolutionGuid = {A2E0BD2E-9409-410A-8347-A92EEDD69E56}
	EndGlobalSection
EndGlobal
